
Microsoft Visual Studio Solution File, Format Version 12.00
# Visual Studio Version 16
VisualStudioVersion = 16.0.31729.503
MinimumVisualStudioVersion = 10.0.40219.1
Project("{FAE04EC0-301F-11D3-BF4B-00C04F79EFBC}") = "RedBadgeIntroChallenges", "RedBadgeIntroChallenges.csproj", "{29E4DB11-EB16-45E9-A363-00C09917C894}"
EndProject
Global
	GlobalSection(SolutionConfigurationPlatforms) = preSolution
		Debug|Any CPU = Debug|Any CPU
		Release|Any CPU = Release|Any CPU
	EndGlobalSection
	GlobalSection(ProjectConfigurationPlatforms) = postSolution
		{29E4DB11-EB16-45E9-A363-00C09917C894}.Debug|Any CPU.ActiveCfg = Debug|Any CPU
		{29E4DB11-EB16-45E9-A363-00C09917C894}.Debug|Any CPU.Build.0 = Debug|Any CPU
		{29E4DB11-EB16-45E9-A363-00C09917C894}.Release|Any CPU.ActiveCfg = Release|Any CPU
		{29E4DB11-EB16-45E9-A363-00C09917C894}.Release|Any CPU.Build.0 = Release|Any CPU
	EndGlobalSection
	GlobalSection(SolutionProperties) = preSolution
		HideSolutionNode = FALSE
	EndGlobalSection
	GlobalSection(ExtensibilityGlobals) = postSolution
		SolutionGuid = {D540EC3C-40B6-4186-B2DC-EFD626CD9670}
	EndGlobalSection
EndGlobal
